// !$*UTF8*$!
{
	archiveVersion = 1;
	classes = {
	};
	objectVersion = 50;
	objects = {

/* Begin PBXBuildFile section */
		FEBEF353269CF4C200E67CD5 /* WeSplit_TestApp.swift in Sources */ = {isa = PBXBuildFile; fileRef = FEBEF352269CF4C200E67CD5 /* WeSplit_TestApp.swift */; };
		FEBEF355269CF4C200E67CD5 /* ContentView.swift in Sources */ = {isa = PBXBuildFile; fileRef = FEBEF354269CF4C200E67CD5 /* ContentView.swift */; };
		FEBEF357269CF4C300E67CD5 /* Assets.xcassets in Resources */ = {isa = PBXBuildFile; fileRef = FEBEF356269CF4C300E67CD5 /* Assets.xcassets */; };
		FEBEF35A269CF4C300E67CD5 /* Preview Assets.xcassets in Resources */ = {isa = PBXBuildFile; fileRef = FEBEF359269CF4C300E67CD5 /* Preview Assets.xcassets */; };
		FEBEF365269CF4C300E67CD5 /* WeSplit_TestTests.swift in Sources */ = {isa = PBXBuildFile; fileRef = FEBEF364269CF4C300E67CD5 /* WeSplit_TestTests.swift */; };
		FEBEF370269CF4C300E67CD5 /* WeSplit_TestUITests.swift in Sources */ = {isa = PBXBuildFile; fileRef = FEBEF36F269CF4C300E67CD5 /* WeSplit_TestUITests.swift */; };
/* End PBXBuildFile section */

/* Begin PBXContainerItemProxy section */
		FEBEF361269CF4C300E67CD5 /* PBXContainerItemProxy */ = {
			isa = PBXContainerItemProxy;
			containerPortal = FEBEF347269CF4C200E67CD5 /* Project object */;
			proxyType = 1;
			remoteGlobalIDString = FEBEF34E269CF4C200E67CD5;
			remoteInfo = WeSplit_Test;
		};
		FEBEF36C269CF4C300E67CD5 /* PBXContainerItemProxy */ = {
			isa = PBXContainerItemProxy;
			containerPortal = FEBEF347269CF4C200E67CD5 /* Project object */;
			proxyType = 1;
			remoteGlobalIDString = FEBEF34E269CF4C200E67CD5;
			remoteInfo = WeSplit_Test;
		};
/* End PBXContainerItemProxy section */

/* Begin PBXFileReference section */
		FEBEF34F269CF4C200E67CD5 /* WeSplit_Test.app */ = {isa = PBXFileReference; explicitFileType = wrapper.application; includeInIndex = 0; path = WeSplit_Test.app; sourceTree = BUILT_PRODUCTS_DIR; };
		FEBEF352269CF4C200E67CD5 /* WeSplit_TestApp.swift */ = {isa = PBXFileReference; lastKnownFileType = sourcecode.swift; path = WeSplit_TestApp.swift; sourceTree = "<group>"; };
		FEBEF354269CF4C200E67CD5 /* ContentView.swift */ = {isa = PBXFileReference; lastKnownFileType = sourcecode.swift; path = ContentView.swift; sourceTree = "<group>"; };
		FEBEF356269CF4C300E67CD5 /* Assets.xcassets */ = {isa = PBXFileReference; lastKnownFileType = folder.assetcatalog; path = Assets.xcassets; sourceTree = "<group>"; };
		FEBEF359269CF4C300E67CD5 /* Preview Assets.xcassets */ = {isa = PBXFileReference; lastKnownFileType = folder.assetcatalog; path = "Preview Assets.xcassets"; sourceTree = "<group>"; };
		FEBEF35B269CF4C300E67CD5 /* Info.plist */ = {isa = PBXFileReference; lastKnownFileType = text.plist.xml; path = Info.plist; sourceTree = "<group>"; };
		FEBEF360269CF4C300E67CD5 /* WeSplit_TestTests.xctest */ = {isa = PBXFileReference; explicitFileType = wrapper.cfbundle; includeInIndex = 0; path = WeSplit_TestTests.xctest; sourceTree = BUILT_PRODUCTS_DIR; };
		FEBEF364269CF4C300E67CD5 /* WeSplit_TestTests.swift */ = {isa = PBXFileReference; lastKnownFileType = sourcecode.swift; path = WeSplit_TestTests.swift; sourceTree = "<group>"; };
		FEBEF366269CF4C300E67CD5 /* Info.plist */ = {isa = PBXFileReference; lastKnownFileType = text.plist.xml; path = Info.plist; sourceTree = "<group>"; };
		FEBEF36B269CF4C300E67CD5 /* WeSplit_TestUITests.xctest */ = {isa = PBXFileReference; explicitFileType = wrapper.cfbundle; includeInIndex = 0; path = WeSplit_TestUITests.xctest; sourceTree = BUILT_PRODUCTS_DIR; };
		FEBEF36F269CF4C300E67CD5 /* WeSplit_TestUITests.swift */ = {isa = PBXFileReference; lastKnownFileType = sourcecode.swift; path = WeSplit_TestUITests.swift; sourceTree = "<group>"; };
		FEBEF371269CF4C300E67CD5 /* Info.plist */ = {isa = PBXFileReference; lastKnownFileType = text.plist.xml; path = Info.plist; sourceTree = "<group>"; };
/* End PBXFileReference section */

/* Begin PBXFrameworksBuildPhase section */
		FEBEF34C269CF4C200E67CD5 /* Frameworks */ = {
			isa = PBXFrameworksBuildPhase;
			buildActionMask = 2147483647;
			files = (
			);
			runOnlyForDeploymentPostprocessing = 0;
		};
		FEBEF35D269CF4C300E67CD5 /* Frameworks */ = {
			isa = PBXFrameworksBuildPhase;
			buildActionMask = 2147483647;
			files = (
			);
			runOnlyForDeploymentPostprocessing = 0;
		};
		FEBEF368269CF4C300E67CD5 /* Frameworks */ = {
			isa = PBXFrameworksBuildPhase;
			buildActionMask = 2147483647;
			files = (
			);
			runOnlyForDeploymentPostprocessing = 0;
		};
/* End PBXFrameworksBuildPhase section */

/* Begin PBXGroup section */
		FEBEF346269CF4C200E67CD5 = {
			isa = PBXGroup;
			children = (
				FEBEF351269CF4C200E67CD5 /* WeSplit_Test */,
				FEBEF363269CF4C300E67CD5 /* WeSplit_TestTests */,
				FEBEF36E269CF4C300E67CD5 /* WeSplit_TestUITests */,
				FEBEF350269CF4C200E67CD5 /* Products */,
			);
			sourceTree = "<group>";
		};
		FEBEF350269CF4C200E67CD5 /* Products */ = {
			isa = PBXGroup;
			children = (
				FEBEF34F269CF4C200E67CD5 /* WeSplit_Test.app */,
				FEBEF360269CF4C300E67CD5 /* WeSplit_TestTests.xctest */,
				FEBEF36B269CF4C300E67CD5 /* WeSplit_TestUITests.xctest */,
			);
			name = Products;
			sourceTree = "<group>";
		};
		FEBEF351269CF4C200E67CD5 /* WeSplit_Test */ = {
			isa = PBXGroup;
			children = (
				FEBEF352269CF4C200E67CD5 /* WeSplit_TestApp.swift */,
				FEBEF354269CF4C200E67CD5 /* ContentView.swift */,
				FEBEF356269CF4C300E67CD5 /* Assets.xcassets */,
				FEBEF35B269CF4C300E67CD5 /* Info.plist */,
				FEBEF358269CF4C300E67CD5 /* Preview Content */,
			);
			path = WeSplit_Test;
			sourceTree = "<group>";
		};
		FEBEF358269CF4C300E67CD5 /* Preview Content */ = {
			isa = PBXGroup;
			children = (
				FEBEF359269CF4C300E67CD5 /* Preview Assets.xcassets */,
			);
			path = "Preview Content";
			sourceTree = "<group>";
		};
		FEBEF363269CF4C300E67CD5 /* WeSplit_TestTests */ = {
			isa = PBXGroup;
			children = (
				FEBEF364269CF4C300E67CD5 /* WeSplit_TestTests.swift */,
				FEBEF366269CF4C300E67CD5 /* Info.plist */,
			);
			path = WeSplit_TestTests;
			sourceTree = "<group>";
		};
		FEBEF36E269CF4C300E67CD5 /* WeSplit_TestUITests */ = {
			isa = PBXGroup;
			children = (
				FEBEF36F269CF4C300E67CD5 /* WeSplit_TestUITests.swift */,
				FEBEF371269CF4C300E67CD5 /* Info.plist */,
			);
			path = WeSplit_TestUITests;
			sourceTree = "<group>";
		};
/* End PBXGroup section */

/* Begin PBXNativeTarget section */
		FEBEF34E269CF4C200E67CD5 /* WeSplit_Test */ = {
			isa = PBXNativeTarget;
			buildConfigurationList = FEBEF374269CF4C300E67CD5 /* Build configuration list for PBXNativeTarget "WeSplit_Test" */;
			buildPhases = (
				FEBEF34B269CF4C200E67CD5 /* Sources */,
				FEBEF34C269CF4C200E67CD5 /* Frameworks */,
				FEBEF34D269CF4C200E67CD5 /* Resources */,
			);
			buildRules = (
			);
			dependencies = (
			);
			name = WeSplit_Test;
			productName = WeSplit_Test;
			productReference = FEBEF34F269CF4C200E67CD5 /* WeSplit_Test.app */;
			productType = "com.apple.product-type.application";
		};
		FEBEF35F269CF4C300E67CD5 /* WeSplit_TestTests */ = {
			isa = PBXNativeTarget;
			buildConfigurationList = FEBEF377269CF4C300E67CD5 /* Build configuration list for PBXNativeTarget "WeSplit_TestTests" */;
			buildPhases = (
				FEBEF35C269CF4C300E67CD5 /* Sources */,
				FEBEF35D269CF4C300E67CD5 /* Frameworks */,
				FEBEF35E269CF4C300E67CD5 /* Resources */,
			);
			buildRules = (
			);
			dependencies = (
				FEBEF362269CF4C300E67CD5 /* PBXTargetDependency */,
			);
			name = WeSplit_TestTests;
			productName = WeSplit_TestTests;
			productReference = FEBEF360269CF4C300E67CD5 /* WeSplit_TestTests.xctest */;
			productType = "com.apple.product-type.bundle.unit-test";
		};
		FEBEF36A269CF4C300E67CD5 /* WeSplit_TestUITests */ = {
			isa = PBXNativeTarget;
			buildConfigurationList = FEBEF37A269CF4C300E67CD5 /* Build configuration list for PBXNativeTarget "WeSplit_TestUITests" */;
			buildPhases = (
				FEBEF367269CF4C300E67CD5 /* Sources */,
				FEBEF368269CF4C300E67CD5 /* Frameworks */,
				FEBEF369269CF4C300E67CD5 /* Resources */,
			);
			buildRules = (
			);
			dependencies = (
				FEBEF36D269CF4C300E67CD5 /* PBXTargetDependency */,
			);
			name = WeSplit_TestUITests;
			productName = WeSplit_TestUITests;
			productReference = FEBEF36B269CF4C300E67CD5 /* WeSplit_TestUITests.xctest */;
			productType = "com.apple.product-type.bundle.ui-testing";
		};
/* End PBXNativeTarget section */

/* Begin PBXProject section */
		FEBEF347269CF4C200E67CD5 /* Project object */ = {
			isa = PBXProject;
			attributes = {
				LastSwiftUpdateCheck = 1240;
				LastUpgradeCheck = 1240;
				TargetAttributes = {
					FEBEF34E269CF4C200E67CD5 = {
						CreatedOnToolsVersion = 12.4;
					};
					FEBEF35F269CF4C300E67CD5 = {
						CreatedOnToolsVersion = 12.4;
						TestTargetID = FEBEF34E269CF4C200E67CD5;
					};
					FEBEF36A269CF4C300E67CD5 = {
						CreatedOnToolsVersion = 12.4;
						TestTargetID = FEBEF34E269CF4C200E67CD5;
					};
				};
			};
			buildConfigurationList = FEBEF34A269CF4C200E67CD5 /* Build configuration list for PBXProject "WeSplit_Test" */;
			compatibilityVersion = "Xcode 9.3";
			developmentRegion = en;
			hasScannedForEncodings = 0;
			knownRegions = (
				en,
				Base,
			);
			mainGroup = FEBEF346269CF4C200E67CD5;
			productRefGroup = FEBEF350269CF4C200E67CD5 /* Products */;
			projectDirPath = "";
			projectRoot = "";
			targets = (
				FEBEF34E269CF4C200E67CD5 /* WeSplit_Test */,
				FEBEF35F269CF4C300E67CD5 /* WeSplit_TestTests */,
				FEBEF36A269CF4C300E67CD5 /* WeSplit_TestUITests */,
			);
		};
/* End PBXProject section */

/* Begin PBXResourcesBuildPhase section */
		FEBEF34D269CF4C200E67CD5 /* Resources */ = {
			isa = PBXResourcesBuildPhase;
			buildActionMask = 2147483647;
			files = (
				FEBEF35A269CF4C300E67CD5 /* Preview Assets.xcassets in Resources */,
				FEBEF357269CF4C300E67CD5 /* Assets.xcassets in Resources */,
			);
			runOnlyForDeploymentPostprocessing = 0;
		};
		FEBEF35E269CF4C300E67CD5 /* Resources */ = {
			isa = PBXResourcesBuildPhase;
			buildActionMask = 2147483647;
			files = (
			);
			runOnlyForDeploymentPostprocessing = 0;
		};
		FEBEF369269CF4C300E67CD5 /* Resources */ = {
			isa = PBXResourcesBuildPhase;
			buildActionMask = 2147483647;
			files = (
			);
			runOnlyForDeploymentPostprocessing = 0;
		};
/* End PBXResourcesBuildPhase section */

/* Begin PBXSourcesBuildPhase section */
		FEBEF34B269CF4C200E67CD5 /* Sources */ = {
			isa = PBXSourcesBuildPhase;
			buildActionMask = 2147483647;
			files = (
				FEBEF355269CF4C200E67CD5 /* ContentView.swift in Sources */,
				FEBEF353269CF4C200E67CD5 /* WeSplit_TestApp.swift in Sources */,
			);
			runOnlyForDeploymentPostprocessing = 0;
		};
		FEBEF35C269CF4C300E67CD5 /* Sources */ = {
			isa = PBXSourcesBuildPhase;
			buildActionMask = 2147483647;
			files = (
				FEBEF365269CF4C300E67CD5 /* WeSplit_TestTests.swift in Sources */,
			);
			runOnlyForDeploymentPostprocessing = 0;
		};
		FEBEF367269CF4C300E67CD5 /* Sources */ = {
			isa = PBXSourcesBuildPhase;
			buildActionMask = 2147483647;
			files = (
				FEBEF370269CF4C300E67CD5 /* WeSplit_TestUITests.swift in Sources */,
			);
			runOnlyForDeploymentPostprocessing = 0;
		};
/* End PBXSourcesBuildPhase section */

/* Begin PBXTargetDependency section */
		FEBEF362269CF4C300E67CD5 /* PBXTargetDependency */ = {
			isa = PBXTargetDependency;
			target = FEBEF34E269CF4C200E67CD5 /* WeSplit_Test */;
			targetProxy = FEBEF361269CF4C300E67CD5 /* PBXContainerItemProxy */;
		};
		FEBEF36D269CF4C300E67CD5 /* PBXTargetDependency */ = {
			isa = PBXTargetDependency;
			target = FEBEF34E269CF4C200E67CD5 /* WeSplit_Test */;
			targetProxy = FEBEF36C269CF4C300E67CD5 /* PBXContainerItemProxy */;
		};
/* End PBXTargetDependency section */

/* Begin XCBuildConfiguration section */
		FEBEF372269CF4C300E67CD5 /* Debug */ = {
			isa = XCBuildConfiguration;
			buildSettings = {
				ALWAYS_SEARCH_USER_PATHS = NO;
				CLANG_ANALYZER_NONNULL = YES;
				CLANG_ANALYZER_NUMBER_OBJECT_CONVERSION = YES_AGGRESSIVE;
				CLANG_CXX_LANGUAGE_STANDARD = "gnu++14";
				CLANG_CXX_LIBRARY = "libc++";
				CLANG_ENABLE_MODULES = YES;
				CLANG_ENABLE_OBJC_ARC = YES;
				CLANG_ENABLE_OBJC_WEAK = YES;
				CLANG_WARN_BLOCK_CAPTURE_AUTORELEASING = YES;
				CLANG_WARN_BOOL_CONVERSION = YES;
				CLANG_WARN_COMMA = YES;
				CLANG_WARN_CONSTANT_CONVERSION = YES;
				CLANG_WARN_DEPRECATED_OBJC_IMPLEMENTATIONS = YES;
				CLANG_WARN_DIRECT_OBJC_ISA_USAGE = YES_ERROR;
				CLANG_WARN_DOCUMENTATION_COMMENTS = YES;
				CLANG_WARN_EMPTY_BODY = YES;
				CLANG_WARN_ENUM_CONVERSION = YES;
				CLANG_WARN_INFINITE_RECURSION = YES;
				CLANG_WARN_INT_CONVERSION = YES;
				CLANG_WARN_NON_LITERAL_NULL_CONVERSION = YES;
				CLANG_WARN_OBJC_IMPLICIT_RETAIN_SELF = YES;
				CLANG_WARN_OBJC_LITERAL_CONVERSION = YES;
				CLANG_WARN_OBJC_ROOT_CLASS = YES_ERROR;
				CLANG_WARN_QUOTED_INCLUDE_IN_FRAMEWORK_HEADER = YES;
				CLANG_WARN_RANGE_LOOP_ANALYSIS = YES;
				CLANG_WARN_STRICT_PROTOTYPES = YES;
				CLANG_WARN_SUSPICIOUS_MOVE = YES;
				CLANG_WARN_UNGUARDED_AVAILABILITY = YES_AGGRESSIVE;
				CLANG_WARN_UNREACHABLE_CODE = YES;
				CLANG_WARN__DUPLICATE_METHOD_MATCH = YES;
				COPY_PHASE_STRIP = NO;
				DEBUG_INFORMATION_FORMAT = dwarf;
				ENABLE_STRICT_OBJC_MSGSEND = YES;
				ENABLE_TESTABILITY = YES;
				GCC_C_LANGUAGE_STANDARD = gnu11;
				GCC_DYNAMIC_NO_PIC = NO;
				GCC_NO_COMMON_BLOCKS = YES;
				GCC_OPTIMIZATION_LEVEL = 0;
				GCC_PREPROCESSOR_DEFINITIONS = (
					"DEBUG=1",
					"$(inherited)",
				);
				GCC_WARN_64_TO_32_BIT_CONVERSION = YES;
				GCC_WARN_ABOUT_RETURN_TYPE = YES_ERROR;
				GCC_WARN_UNDECLARED_SELECTOR = YES;
				GCC_WARN_UNINITIALIZED_AUTOS = YES_AGGRESSIVE;
				GCC_WARN_UNUSED_FUNCTION = YES;
				GCC_WARN_UNUSED_VARIABLE = YES;
				IPHONEOS_DEPLOYMENT_TARGET = 14.4;
				MTL_ENABLE_DEBUG_INFO = INCLUDE_SOURCE;
				MTL_FAST_MATH = YES;
				ONLY_ACTIVE_ARCH = YES;
				SDKROOT = iphoneos;
				SWIFT_ACTIVE_COMPILATION_CONDITIONS = DEBUG;
				SWIFT_OPTIMIZATION_LEVEL = "-Onone";
			};
			name = Debug;
		};
		FEBEF373269CF4C300E67CD5 /* Release */ = {
			isa = XCBuildConfiguration;
			buildSettings = {
				ALWAYS_SEARCH_USER_PATHS = NO;
				CLANG_ANALYZER_NONNULL = YES;
				CLANG_ANALYZER_NUMBER_OBJECT_CONVERSION = YES_AGGRESSIVE;
				CLANG_CXX_LANGUAGE_STANDARD = "gnu++14";
				CLANG_CXX_LIBRARY = "libc++";
				CLANG_ENABLE_MODULES = YES;
				CLANG_ENABLE_OBJC_ARC = YES;
				CLANG_ENABLE_OBJC_WEAK = YES;
				CLANG_WARN_BLOCK_CAPTURE_AUTORELEASING = YES;
				CLANG_WARN_BOOL_CONVERSION = YES;
				CLANG_WARN_COMMA = YES;
				CLANG_WARN_CONSTANT_CONVERSION = YES;
				CLANG_WARN_DEPRECATED_OBJC_IMPLEMENTATIONS = YES;
				CLANG_WARN_DIRECT_OBJC_ISA_USAGE = YES_ERROR;
				CLANG_WARN_DOCUMENTATION_COMMENTS = YES;
				CLANG_WARN_EMPTY_BODY = YES;
				CLANG_WARN_ENUM_CONVERSION = YES;
				CLANG_WARN_INFINITE_RECURSION = YES;
				CLANG_WARN_INT_CONVERSION = YES;
				CLANG_WARN_NON_LITERAL_NULL_CONVERSION = YES;
				CLANG_WARN_OBJC_IMPLICIT_RETAIN_SELF = YES;
				CLANG_WARN_OBJC_LITERAL_CONVERSION = YES;
				CLANG_WARN_OBJC_ROOT_CLASS = YES_ERROR;
				CLANG_WARN_QUOTED_INCLUDE_IN_FRAMEWORK_HEADER = YES;
				CLANG_WARN_RANGE_LOOP_ANALYSIS = YES;
				CLANG_WARN_STRICT_PROTOTYPES = YES;
				CLANG_WARN_SUSPICIOUS_MOVE = YES;
				CLANG_WARN_UNGUARDED_AVAILABILITY = YES_AGGRESSIVE;
				CLANG_WARN_UNREACHABLE_CODE = YES;
				CLANG_WARN__DUPLICATE_METHOD_MATCH = YES;
				COPY_PHASE_STRIP = NO;
				DEBUG_INFORMATION_FORMAT = "dwarf-with-dsym";
				ENABLE_NS_ASSERTIONS = NO;
				ENABLE_STRICT_OBJC_MSGSEND = YES;
				GCC_C_LANGUAGE_STANDARD = gnu11;
				GCC_NO_COMMON_BLOCKS = YES;
				GCC_WARN_64_TO_32_BIT_CONVERSION = YES;
				GCC_WARN_ABOUT_RETURN_TYPE = YES_ERROR;
				GCC_WARN_UNDECLARED_SELECTOR = YES;
				GCC_WARN_UNINITIALIZED_AUTOS = YES_AGGRESSIVE;
				GCC_WARN_UNUSED_FUNCTION = YES;
				GCC_WARN_UNUSED_VARIABLE = YES;
				IPHONEOS_DEPLOYMENT_TARGET = 14.4;
				MTL_ENABLE_DEBUG_INFO = NO;
				MTL_FAST_MATH = YES;
				SDKROOT = iphoneos;
				SWIFT_COMPILATION_MODE = wholemodule;
				SWIFT_OPTIMIZATION_LEVEL = "-O";
				VALIDATE_PRODUCT = YES;
			};
			name = Release;
		};
		FEBEF375269CF4C300E67CD5 /* Debug */ = {
			isa = XCBuildConfiguration;
			buildSettings = {
				ASSETCATALOG_COMPILER_APPICON_NAME = AppIcon;
				ASSETCATALOG_COMPILER_GLOBAL_ACCENT_COLOR_NAME = AccentColor;
				CODE_SIGN_STYLE = Automatic;
				DEVELOPMENT_ASSET_PATHS = "\"WeSplit_Test/Preview Content\"";
				DEVELOPMENT_TEAM = 4LBT7283WA;
				ENABLE_PREVIEWS = YES;
				INFOPLIST_FILE = WeSplit_Test/Info.plist;
				IPHONEOS_DEPLOYMENT_TARGET = 14.0;
				LD_RUNPATH_SEARCH_PATHS = (
					"$(inherited)",
					"@executable_path/Frameworks",
				);
				PRODUCT_BUNDLE_IDENTIFIER = "com.simple-amazing-machines.WeSplit-Test";
				PRODUCT_NAME = "$(TARGET_NAME)";
				SWIFT_VERSION = 5.0;
				TARGETED_DEVICE_FAMILY = "1,2";
			};
			name = Debug;
		};
		FEBEF376269CF4C300E67CD5 /* Release */ = {
			isa = XCBuildConfiguration;
			buildSettings = {
				ASSETCATALOG_COMPILER_APPICON_NAME = AppIcon;
				ASSETCATALOG_COMPILER_GLOBAL_ACCENT_COLOR_NAME = AccentColor;
				CODE_SIGN_STYLE = Automatic;
				DEVELOPMENT_ASSET_PATHS = "\"WeSplit_Test/Preview Content\"";
				DEVELOPMENT_TEAM = 4LBT7283WA;
				ENABLE_PREVIEWS = YES;
				INFOPLIST_FILE = WeSplit_Test/Info.plist;
				IPHONEOS_DEPLOYMENT_TARGET = 14.0;
				LD_RUNPATH_SEARCH_PATHS = (
					"$(inherited)",
					"@executable_path/Frameworks",
				);
				PRODUCT_BUNDLE_IDENTIFIER = "com.simple-amazing-machines.WeSplit-Test";
				PRODUCT_NAME = "$(TARGET_NAME)";
				SWIFT_VERSION = 5.0;
				TARGETED_DEVICE_FAMILY = "1,2";
			};
			name = Release;
		};
		FEBEF378269CF4C300E67CD5 /* Debug */ = {
			isa = XCBuildConfiguration;
			buildSettings = {
				ALWAYS_EMBED_SWIFT_STANDARD_LIBRARIES = YES;
				BUNDLE_LOADER = "$(TEST_HOST)";
				CODE_SIGN_STYLE = Automatic;
				DEVELOPMENT_TEAM = 4LBT7283WA;
				INFOPLIST_FILE = WeSplit_TestTests/Info.plist;
				IPHONEOS_DEPLOYMENT_TARGET = 14.0;
				LD_RUNPATH_SEARCH_PATHS = (
					"$(inherited)",
					"@executable_path/Frameworks",
					"@loader_path/Frameworks",
				);
				PRODUCT_BUNDLE_IDENTIFIER = "com.simple-amazing-machines.WeSplit-TestTests";
				PRODUCT_NAME = "$(TARGET_NAME)";
				SWIFT_VERSION = 5.0;
				TARGETED_DEVICE_FAMILY = "1,2";
				TEST_HOST = "$(BUILT_PRODUCTS_DIR)/WeSplit_Test.app/WeSplit_Test";
			};
			name = Debug;
		};
		FEBEF379269CF4C300E67CD5 /* Release */ = {
			isa = XCBuildConfiguration;
			buildSettings = {
				ALWAYS_EMBED_SWIFT_STANDARD_LIBRARIES = YES;
				BUNDLE_LOADER = "$(TEST_HOST)";
				CODE_SIGN_STYLE = Automatic;
				DEVELOPMENT_TEAM = 4LBT7283WA;
				INFOPLIST_FILE = WeSplit_TestTests/Info.plist;
				IPHONEOS_DEPLOYMENT_TARGET = 14.0;
				LD_RUNPATH_SEARCH_PATHS = (
					"$(inherited)",
					"@executable_path/Frameworks",
					"@loader_path/Frameworks",
				);
				PRODUCT_BUNDLE_IDENTIFIER = "com.simple-amazing-machines.WeSplit-TestTests";
				PRODUCT_NAME = "$(TARGET_NAME)";
				SWIFT_VERSION = 5.0;
				TARGETED_DEVICE_FAMILY = "1,2";
				TEST_HOST = "$(BUILT_PRODUCTS_DIR)/WeSplit_Test.app/WeSplit_Test";
			};
			name = Release;
		};
		FEBEF37B269CF4C300E67CD5 /* Debug */ = {
			isa = XCBuildConfiguration;
			buildSettings = {
				ALWAYS_EMBED_SWIFT_STANDARD_LIBRARIES = YES;
				CODE_SIGN_STYLE = Automatic;
				DEVELOPMENT_TEAM = 4LBT7283WA;
				INFOPLIST_FILE = WeSplit_TestUITests/Info.plist;
				LD_RUNPATH_SEARCH_PATHS = (
					"$(inherited)",
					"@executable_path/Frameworks",
					"@loader_path/Frameworks",
				);
				PRODUCT_BUNDLE_IDENTIFIER = "com.simple-amazing-machines.WeSplit-TestUITests";
				PRODUCT_NAME = "$(TARGET_NAME)";
				SWIFT_VERSION = 5.0;
				TARGETED_DEVICE_FAMILY = "1,2";
				TEST_TARGET_NAME = WeSplit_Test;
			};
			name = Debug;
		};
		FEBEF37C269CF4C300E67CD5 /* Release */ = {
			isa = XCBuildConfiguration;
			buildSettings = {
				ALWAYS_EMBED_SWIFT_STANDARD_LIBRARIES = YES;
				CODE_SIGN_STYLE = Automatic;
				DEVELOPMENT_TEAM = 4LBT7283WA;
				INFOPLIST_FILE = WeSplit_TestUITests/Info.plist;
				LD_RUNPATH_SEARCH_PATHS = (
					"$(inherited)",
					"@executable_path/Frameworks",
					"@loader_path/Frameworks",
				);
				PRODUCT_BUNDLE_IDENTIFIER = "com.simple-amazing-machines.WeSplit-TestUITests";
				PRODUCT_NAME = "$(TARGET_NAME)";
				SWIFT_VERSION = 5.0;
				TARGETED_DEVICE_FAMILY = "1,2";
				TEST_TARGET_NAME = WeSplit_Test;
			};
			name = Release;
		};
/* End XCBuildConfiguration section */

/* Begin XCConfigurationList section */
		FEBEF34A269CF4C200E67CD5 /* Build configuration list for PBXProject "WeSplit_Test" */ = {
			isa = XCConfigurationList;
			buildConfigurations = (
				FEBEF372269CF4C300E67CD5 /* Debug */,
				FEBEF373269CF4C300E67CD5 /* Release */,
			);
			defaultConfigurationIsVisible = 0;
			defaultConfigurationName = Release;
		};
		FEBEF374269CF4C300E67CD5 /* Build configuration list for PBXNativeTarget "WeSplit_Test" */ = {
			isa = XCConfigurationList;
			buildConfigurations = (
				FEBEF375269CF4C300E67CD5 /* Debug */,
				FEBEF376269CF4C300E67CD5 /* Release */,
			);
			defaultConfigurationIsVisible = 0;
			defaultConfigurationName = Release;
		};
		FEBEF377269CF4C300E67CD5 /* Build configuration list for PBXNativeTarget "WeSplit_TestTests" */ = {
			isa = XCConfigurationList;
			buildConfigurations = (
				FEBEF378269CF4C300E67CD5 /* Debug */,
				FEBEF379269CF4C300E67CD5 /* Release */,
			);
			defaultConfigurationIsVisible = 0;
			defaultConfigurationName = Release;
		};
		FEBEF37A269CF4C300E67CD5 /* Build configuration list for PBXNativeTarget "WeSplit_TestUITests" */ = {
			isa = XCConfigurationList;
			buildConfigurations = (
				FEBEF37B269CF4C300E67CD5 /* Debug */,
				FEBEF37C269CF4C300E67CD5 /* Release */,
			);
			defaultConfigurationIsVisible = 0;
			defaultConfigurationName = Release;
		};
/* End XCConfigurationList section */
	};
	rootObject = FEBEF347269CF4C200E67CD5 /* Project object */;
}
